// !$*UTF8*$!
{
	archiveVersion = 1;
	classes = {
	};
	objectVersion = 50;
	objects = {

/* Begin PBXBuildFile section */
		20363C672550B6EF0093989F /* AppDelegate.swift in Sources */ = {isa = PBXBuildFile; fileRef = 20363C662550B6EF0093989F /* AppDelegate.swift */; };
		20363C692550B6EF0093989F /* SceneDelegate.swift in Sources */ = {isa = PBXBuildFile; fileRef = 20363C682550B6EF0093989F /* SceneDelegate.swift */; };
		20363C6B2550B6EF0093989F /* ViewController.swift in Sources */ = {isa = PBXBuildFile; fileRef = 20363C6A2550B6EF0093989F /* ViewController.swift */; };
		20363C6E2550B6EF0093989F /* Main.storyboard in Resources */ = {isa = PBXBuildFile; fileRef = 20363C6C2550B6EF0093989F /* Main.storyboard */; };
		20363C702550B6F20093989F /* Assets.xcassets in Resources */ = {isa = PBXBuildFile; fileRef = 20363C6F2550B6F20093989F /* Assets.xcassets */; };
		20363C732550B6F20093989F /* LaunchScreen.storyboard in Resources */ = {isa = PBXBuildFile; fileRef = 20363C712550B6F20093989F /* LaunchScreen.storyboard */; };
		20363C7E2550B6F30093989F /* IRDb_JSONTests.swift in Sources */ = {isa = PBXBuildFile; fileRef = 20363C7D2550B6F30093989F /* IRDb_JSONTests.swift */; };
		20363C892550B6F30093989F /* IRDb_JSONUITests.swift in Sources */ = {isa = PBXBuildFile; fileRef = 20363C882550B6F30093989F /* IRDb_JSONUITests.swift */; };
/* End PBXBuildFile section */

/* Begin PBXContainerItemProxy section */
		20363C7A2550B6F30093989F /* PBXContainerItemProxy */ = {
			isa = PBXContainerItemProxy;
			containerPortal = 20363C5B2550B6EF0093989F /* Project object */;
			proxyType = 1;
			remoteGlobalIDString = 20363C622550B6EF0093989F;
			remoteInfo = IRDb_JSON;
		};
		20363C852550B6F30093989F /* PBXContainerItemProxy */ = {
			isa = PBXContainerItemProxy;
			containerPortal = 20363C5B2550B6EF0093989F /* Project object */;
			proxyType = 1;
			remoteGlobalIDString = 20363C622550B6EF0093989F;
			remoteInfo = IRDb_JSON;
		};
/* End PBXContainerItemProxy section */

/* Begin PBXFileReference section */
		20363C632550B6EF0093989F /* IRDb_JSON.app */ = {isa = PBXFileReference; explicitFileType = wrapper.application; includeInIndex = 0; path = IRDb_JSON.app; sourceTree = BUILT_PRODUCTS_DIR; };
		20363C662550B6EF0093989F /* AppDelegate.swift */ = {isa = PBXFileReference; lastKnownFileType = sourcecode.swift; path = AppDelegate.swift; sourceTree = "<group>"; };
		20363C682550B6EF0093989F /* SceneDelegate.swift */ = {isa = PBXFileReference; lastKnownFileType = sourcecode.swift; path = SceneDelegate.swift; sourceTree = "<group>"; };
		20363C6A2550B6EF0093989F /* ViewController.swift */ = {isa = PBXFileReference; lastKnownFileType = sourcecode.swift; path = ViewController.swift; sourceTree = "<group>"; };
		20363C6D2550B6EF0093989F /* Base */ = {isa = PBXFileReference; lastKnownFileType = file.storyboard; name = Base; path = Base.lproj/Main.storyboard; sourceTree = "<group>"; };
		20363C6F2550B6F20093989F /* Assets.xcassets */ = {isa = PBXFileReference; lastKnownFileType = folder.assetcatalog; path = Assets.xcassets; sourceTree = "<group>"; };
		20363C722550B6F20093989F /* Base */ = {isa = PBXFileReference; lastKnownFileType = file.storyboard; name = Base; path = Base.lproj/LaunchScreen.storyboard; sourceTree = "<group>"; };
		20363C742550B6F20093989F /* Info.plist */ = {isa = PBXFileReference; lastKnownFileType = text.plist.xml; path = Info.plist; sourceTree = "<group>"; };
		20363C792550B6F30093989F /* IRDb_JSONTests.xctest */ = {isa = PBXFileReference; explicitFileType = wrapper.cfbundle; includeInIndex = 0; path = IRDb_JSONTests.xctest; sourceTree = BUILT_PRODUCTS_DIR; };
		20363C7D2550B6F30093989F /* IRDb_JSONTests.swift */ = {isa = PBXFileReference; lastKnownFileType = sourcecode.swift; path = IRDb_JSONTests.swift; sourceTree = "<group>"; };
		20363C7F2550B6F30093989F /* Info.plist */ = {isa = PBXFileReference; lastKnownFileType = text.plist.xml; path = Info.plist; sourceTree = "<group>"; };
		20363C842550B6F30093989F /* IRDb_JSONUITests.xctest */ = {isa = PBXFileReference; explicitFileType = wrapper.cfbundle; includeInIndex = 0; path = IRDb_JSONUITests.xctest; sourceTree = BUILT_PRODUCTS_DIR; };
		20363C882550B6F30093989F /* IRDb_JSONUITests.swift */ = {isa = PBXFileReference; lastKnownFileType = sourcecode.swift; path = IRDb_JSONUITests.swift; sourceTree = "<group>"; };
		20363C8A2550B6F30093989F /* Info.plist */ = {isa = PBXFileReference; lastKnownFileType = text.plist.xml; path = Info.plist; sourceTree = "<group>"; };
/* End PBXFileReference section */

/* Begin PBXFrameworksBuildPhase section */
		20363C602550B6EF0093989F /* Frameworks */ = {
			isa = PBXFrameworksBuildPhase;
			buildActionMask = 2147483647;
			files = (
			);
			runOnlyForDeploymentPostprocessing = 0;
		};
		20363C762550B6F30093989F /* Frameworks */ = {
			isa = PBXFrameworksBuildPhase;
			buildActionMask = 2147483647;
			files = (
			);
			runOnlyForDeploymentPostprocessing = 0;
		};
		20363C812550B6F30093989F /* Frameworks */ = {
			isa = PBXFrameworksBuildPhase;
			buildActionMask = 2147483647;
			files = (
			);
			runOnlyForDeploymentPostprocessing = 0;
		};
/* End PBXFrameworksBuildPhase section */

/* Begin PBXGroup section */
		20363C5A2550B6EF0093989F = {
			isa = PBXGroup;
			children = (
				20363C652550B6EF0093989F /* IRDb_JSON */,
				20363C7C2550B6F30093989F /* IRDb_JSONTests */,
				20363C872550B6F30093989F /* IRDb_JSONUITests */,
				20363C642550B6EF0093989F /* Products */,
			);
			sourceTree = "<group>";
		};
		20363C642550B6EF0093989F /* Products */ = {
			isa = PBXGroup;
			children = (
				20363C632550B6EF0093989F /* IRDb_JSON.app */,
				20363C792550B6F30093989F /* IRDb_JSONTests.xctest */,
				20363C842550B6F30093989F /* IRDb_JSONUITests.xctest */,
			);
			name = Products;
			sourceTree = "<group>";
		};
		20363C652550B6EF0093989F /* IRDb_JSON */ = {
			isa = PBXGroup;
			children = (
				20363C662550B6EF0093989F /* AppDelegate.swift */,
				20363C682550B6EF0093989F /* SceneDelegate.swift */,
				20363C6A2550B6EF0093989F /* ViewController.swift */,
				20363C6C2550B6EF0093989F /* Main.storyboard */,
				20363C6F2550B6F20093989F /* Assets.xcassets */,
				20363C712550B6F20093989F /* LaunchScreen.storyboard */,
				20363C742550B6F20093989F /* Info.plist */,
			);
			path = IRDb_JSON;
			sourceTree = "<group>";
		};
		20363C7C2550B6F30093989F /* IRDb_JSONTests */ = {
			isa = PBXGroup;
			children = (
				20363C7D2550B6F30093989F /* IRDb_JSONTests.swift */,
				20363C7F2550B6F30093989F /* Info.plist */,
			);
			path = IRDb_JSONTests;
			sourceTree = "<group>";
		};
		20363C872550B6F30093989F /* IRDb_JSONUITests */ = {
			isa = PBXGroup;
			children = (
				20363C882550B6F30093989F /* IRDb_JSONUITests.swift */,
				20363C8A2550B6F30093989F /* Info.plist */,
			);
			path = IRDb_JSONUITests;
			sourceTree = "<group>";
		};
/* End PBXGroup section */

/* Begin PBXNativeTarget section */
		20363C622550B6EF0093989F /* IRDb_JSON */ = {
			isa = PBXNativeTarget;
			buildConfigurationList = 20363C8D2550B6F30093989F /* Build configuration list for PBXNativeTarget "IRDb_JSON" */;
			buildPhases = (
				20363C5F2550B6EF0093989F /* Sources */,
				20363C602550B6EF0093989F /* Frameworks */,
				20363C612550B6EF0093989F /* Resources */,
			);
			buildRules = (
			);
			dependencies = (
			);
			name = IRDb_JSON;
			productName = IRDb_JSON;
			productReference = 20363C632550B6EF0093989F /* IRDb_JSON.app */;
			productType = "com.apple.product-type.application";
		};
		20363C782550B6F30093989F /* IRDb_JSONTests */ = {
			isa = PBXNativeTarget;
			buildConfigurationList = 20363C902550B6F30093989F /* Build configuration list for PBXNativeTarget "IRDb_JSONTests" */;
			buildPhases = (
				20363C752550B6F30093989F /* Sources */,
				20363C762550B6F30093989F /* Frameworks */,
				20363C772550B6F30093989F /* Resources */,
			);
			buildRules = (
			);
			dependencies = (
				20363C7B2550B6F30093989F /* PBXTargetDependency */,
			);
			name = IRDb_JSONTests;
			productName = IRDb_JSONTests;
			productReference = 20363C792550B6F30093989F /* IRDb_JSONTests.xctest */;
			productType = "com.apple.product-type.bundle.unit-test";
		};
		20363C832550B6F30093989F /* IRDb_JSONUITests */ = {
			isa = PBXNativeTarget;
			buildConfigurationList = 20363C932550B6F30093989F /* Build configuration list for PBXNativeTarget "IRDb_JSONUITests" */;
			buildPhases = (
				20363C802550B6F30093989F /* Sources */,
				20363C812550B6F30093989F /* Frameworks */,
				20363C822550B6F30093989F /* Resources */,
			);
			buildRules = (
			);
			dependencies = (
				20363C862550B6F30093989F /* PBXTargetDependency */,
			);
			name = IRDb_JSONUITests;
			productName = IRDb_JSONUITests;
			productReference = 20363C842550B6F30093989F /* IRDb_JSONUITests.xctest */;
			productType = "com.apple.product-type.bundle.ui-testing";
		};
/* End PBXNativeTarget section */

/* Begin PBXProject section */
		20363C5B2550B6EF0093989F /* Project object */ = {
			isa = PBXProject;
			attributes = {
				LastSwiftUpdateCheck = 1200;
				LastUpgradeCheck = 1200;
				TargetAttributes = {
					20363C622550B6EF0093989F = {
						CreatedOnToolsVersion = 12.0.1;
					};
					20363C782550B6F30093989F = {
						CreatedOnToolsVersion = 12.0.1;
						TestTargetID = 20363C622550B6EF0093989F;
					};
					20363C832550B6F30093989F = {
						CreatedOnToolsVersion = 12.0.1;
						TestTargetID = 20363C622550B6EF0093989F;
					};
				};
			};
			buildConfigurationList = 20363C5E2550B6EF0093989F /* Build configuration list for PBXProject "IRDb_JSON" */;
			compatibilityVersion = "Xcode 9.3";
			developmentRegion = en;
			hasScannedForEncodings = 0;
			knownRegions = (
				en,
				Base,
			);
			mainGroup = 20363C5A2550B6EF0093989F;
			productRefGroup = 20363C642550B6EF0093989F /* Products */;
			projectDirPath = "";
			projectRoot = "";
			targets = (
				20363C622550B6EF0093989F /* IRDb_JSON */,
				20363C782550B6F30093989F /* IRDb_JSONTests */,
				20363C832550B6F30093989F /* IRDb_JSONUITests */,
			);
		};
/* End PBXProject section */

/* Begin PBXResourcesBuildPhase section */
		20363C612550B6EF0093989F /* Resources */ = {
			isa = PBXResourcesBuildPhase;
			buildActionMask = 2147483647;
			files = (
				20363C732550B6F20093989F /* LaunchScreen.storyboard in Resources */,
				20363C702550B6F20093989F /* Assets.xcassets in Resources */,
				20363C6E2550B6EF0093989F /* Main.storyboard in Resources */,
			);
			runOnlyForDeploymentPostprocessing = 0;
		};
		20363C772550B6F30093989F /* Resources */ = {
			isa = PBXResourcesBuildPhase;
			buildActionMask = 2147483647;
			files = (
			);
			runOnlyForDeploymentPostprocessing = 0;
		};
		20363C822550B6F30093989F /* Resources */ = {
			isa = PBXResourcesBuildPhase;
			buildActionMask = 2147483647;
			files = (
			);
			runOnlyForDeploymentPostprocessing = 0;
		};
/* End PBXResourcesBuildPhase section */

/* Begin PBXSourcesBuildPhase section */
		20363C5F2550B6EF0093989F /* Sources */ = {
			isa = PBXSourcesBuildPhase;
			buildActionMask = 2147483647;
			files = (
				20363C6B2550B6EF0093989F /* ViewController.swift in Sources */,
				20363C672550B6EF0093989F /* AppDelegate.swift in Sources */,
				20363C692550B6EF0093989F /* SceneDelegate.swift in Sources */,
			);
			runOnlyForDeploymentPostprocessing = 0;
		};
		20363C752550B6F30093989F /* Sources */ = {
			isa = PBXSourcesBuildPhase;
			buildActionMask = 2147483647;
			files = (
				20363C7E2550B6F30093989F /* IRDb_JSONTests.swift in Sources */,
			);
			runOnlyForDeploymentPostprocessing = 0;
		};
		20363C802550B6F30093989F /* Sources */ = {
			isa = PBXSourcesBuildPhase;
			buildActionMask = 2147483647;
			files = (
				20363C892550B6F30093989F /* IRDb_JSONUITests.swift in Sources */,
			);
			runOnlyForDeploymentPostprocessing = 0;
		};
/* End PBXSourcesBuildPhase section */

/* Begin PBXTargetDependency section */
		20363C7B2550B6F30093989F /* PBXTargetDependency */ = {
			isa = PBXTargetDependency;
			target = 20363C622550B6EF0093989F /* IRDb_JSON */;
			targetProxy = 20363C7A2550B6F30093989F /* PBXContainerItemProxy */;
		};
		20363C862550B6F30093989F /* PBXTargetDependency */ = {
			isa = PBXTargetDependency;
			target = 20363C622550B6EF0093989F /* IRDb_JSON */;
			targetProxy = 20363C852550B6F30093989F /* PBXContainerItemProxy */;
		};
/* End PBXTargetDependency section */

/* Begin PBXVariantGroup section */
		20363C6C2550B6EF0093989F /* Main.storyboard */ = {
			isa = PBXVariantGroup;
			children = (
				20363C6D2550B6EF0093989F /* Base */,
			);
			name = Main.storyboard;
			sourceTree = "<group>";
		};
		20363C712550B6F20093989F /* LaunchScreen.storyboard */ = {
			isa = PBXVariantGroup;
			children = (
				20363C722550B6F20093989F /* Base */,
			);
			name = LaunchScreen.storyboard;
			sourceTree = "<group>";
		};
/* End PBXVariantGroup section */

/* Begin XCBuildConfiguration section */
		20363C8B2550B6F30093989F /* Debug */ = {
			isa = XCBuildConfiguration;
			buildSettings = {
				ALWAYS_SEARCH_USER_PATHS = NO;
				CLANG_ANALYZER_NONNULL = YES;
				CLANG_ANALYZER_NUMBER_OBJECT_CONVERSION = YES_AGGRESSIVE;
				CLANG_CXX_LANGUAGE_STANDARD = "gnu++14";
				CLANG_CXX_LIBRARY = "libc++";
				CLANG_ENABLE_MODULES = YES;
				CLANG_ENABLE_OBJC_ARC = YES;
				CLANG_ENABLE_OBJC_WEAK = YES;
				CLANG_WARN_BLOCK_CAPTURE_AUTORELEASING = YES;
				CLANG_WARN_BOOL_CONVERSION = YES;
				CLANG_WARN_COMMA = YES;
				CLANG_WARN_CONSTANT_CONVERSION = YES;
				CLANG_WARN_DEPRECATED_OBJC_IMPLEMENTATIONS = YES;
				CLANG_WARN_DIRECT_OBJC_ISA_USAGE = YES_ERROR;
				CLANG_WARN_DOCUMENTATION_COMMENTS = YES;
				CLANG_WARN_EMPTY_BODY = YES;
				CLANG_WARN_ENUM_CONVERSION = YES;
				CLANG_WARN_INFINITE_RECURSION = YES;
				CLANG_WARN_INT_CONVERSION = YES;
				CLANG_WARN_NON_LITERAL_NULL_CONVERSION = YES;
				CLANG_WARN_OBJC_IMPLICIT_RETAIN_SELF = YES;
				CLANG_WARN_OBJC_LITERAL_CONVERSION = YES;
				CLANG_WARN_OBJC_ROOT_CLASS = YES_ERROR;
				CLANG_WARN_QUOTED_INCLUDE_IN_FRAMEWORK_HEADER = YES;
				CLANG_WARN_RANGE_LOOP_ANALYSIS = YES;
				CLANG_WARN_STRICT_PROTOTYPES = YES;
				CLANG_WARN_SUSPICIOUS_MOVE = YES;
				CLANG_WARN_UNGUARDED_AVAILABILITY = YES_AGGRESSIVE;
				CLANG_WARN_UNREACHABLE_CODE = YES;
				CLANG_WARN__DUPLICATE_METHOD_MATCH = YES;
				COPY_PHASE_STRIP = NO;
				DEBUG_INFORMATION_FORMAT = dwarf;
				ENABLE_STRICT_OBJC_MSGSEND = YES;
				ENABLE_TESTABILITY = YES;
				GCC_C_LANGUAGE_STANDARD = gnu11;
				GCC_DYNAMIC_NO_PIC = NO;
				GCC_NO_COMMON_BLOCKS = YES;
				GCC_OPTIMIZATION_LEVEL = 0;
				GCC_PREPROCESSOR_DEFINITIONS = (
					"DEBUG=1",
					"$(inherited)",
				);
				GCC_WARN_64_TO_32_BIT_CONVERSION = YES;
				GCC_WARN_ABOUT_RETURN_TYPE = YES_ERROR;
				GCC_WARN_UNDECLARED_SELECTOR = YES;
				GCC_WARN_UNINITIALIZED_AUTOS = YES_AGGRESSIVE;
				GCC_WARN_UNUSED_FUNCTION = YES;
				GCC_WARN_UNUSED_VARIABLE = YES;
				IPHONEOS_DEPLOYMENT_TARGET = 14.0;
				MTL_ENABLE_DEBUG_INFO = INCLUDE_SOURCE;
				MTL_FAST_MATH = YES;
				ONLY_ACTIVE_ARCH = YES;
				SDKROOT = iphoneos;
				SWIFT_ACTIVE_COMPILATION_CONDITIONS = DEBUG;
				SWIFT_OPTIMIZATION_LEVEL = "-Onone";
			};
			name = Debug;
		};
		20363C8C2550B6F30093989F /* Release */ = {
			isa = XCBuildConfiguration;
			buildSettings = {
				ALWAYS_SEARCH_USER_PATHS = NO;
				CLANG_ANALYZER_NONNULL = YES;
				CLANG_ANALYZER_NUMBER_OBJECT_CONVERSION = YES_AGGRESSIVE;
				CLANG_CXX_LANGUAGE_STANDARD = "gnu++14";
				CLANG_CXX_LIBRARY = "libc++";
				CLANG_ENABLE_MODULES = YES;
				CLANG_ENABLE_OBJC_ARC = YES;
				CLANG_ENABLE_OBJC_WEAK = YES;
				CLANG_WARN_BLOCK_CAPTURE_AUTORELEASING = YES;
				CLANG_WARN_BOOL_CONVERSION = YES;
				CLANG_WARN_COMMA = YES;
				CLANG_WARN_CONSTANT_CONVERSION = YES;
				CLANG_WARN_DEPRECATED_OBJC_IMPLEMENTATIONS = YES;
				CLANG_WARN_DIRECT_OBJC_ISA_USAGE = YES_ERROR;
				CLANG_WARN_DOCUMENTATION_COMMENTS = YES;
				CLANG_WARN_EMPTY_BODY = YES;
				CLANG_WARN_ENUM_CONVERSION = YES;
				CLANG_WARN_INFINITE_RECURSION = YES;
				CLANG_WARN_INT_CONVERSION = YES;
				CLANG_WARN_NON_LITERAL_NULL_CONVERSION = YES;
				CLANG_WARN_OBJC_IMPLICIT_RETAIN_SELF = YES;
				CLANG_WARN_OBJC_LITERAL_CONVERSION = YES;
				CLANG_WARN_OBJC_ROOT_CLASS = YES_ERROR;
				CLANG_WARN_QUOTED_INCLUDE_IN_FRAMEWORK_HEADER = YES;
				CLANG_WARN_RANGE_LOOP_ANALYSIS = YES;
				CLANG_WARN_STRICT_PROTOTYPES = YES;
				CLANG_WARN_SUSPICIOUS_MOVE = YES;
				CLANG_WARN_UNGUARDED_AVAILABILITY = YES_AGGRESSIVE;
				CLANG_WARN_UNREACHABLE_CODE = YES;
				CLANG_WARN__DUPLICATE_METHOD_MATCH = YES;
				COPY_PHASE_STRIP = NO;
				DEBUG_INFORMATION_FORMAT = "dwarf-with-dsym";
				ENABLE_NS_ASSERTIONS = NO;
				ENABLE_STRICT_OBJC_MSGSEND = YES;
				GCC_C_LANGUAGE_STANDARD = gnu11;
				GCC_NO_COMMON_BLOCKS = YES;
				GCC_WARN_64_TO_32_BIT_CONVERSION = YES;
				GCC_WARN_ABOUT_RETURN_TYPE = YES_ERROR;
				GCC_WARN_UNDECLARED_SELECTOR = YES;
				GCC_WARN_UNINITIALIZED_AUTOS = YES_AGGRESSIVE;
				GCC_WARN_UNUSED_FUNCTION = YES;
				GCC_WARN_UNUSED_VARIABLE = YES;
				IPHONEOS_DEPLOYMENT_TARGET = 14.0;
				MTL_ENABLE_DEBUG_INFO = NO;
				MTL_FAST_MATH = YES;
				SDKROOT = iphoneos;
				SWIFT_COMPILATION_MODE = wholemodule;
				SWIFT_OPTIMIZATION_LEVEL = "-O";
				VALIDATE_PRODUCT = YES;
			};
			name = Release;
		};
		20363C8E2550B6F30093989F /* Debug */ = {
			isa = XCBuildConfiguration;
			buildSettings = {
				ASSETCATALOG_COMPILER_APPICON_NAME = AppIcon;
				ASSETCATALOG_COMPILER_GLOBAL_ACCENT_COLOR_NAME = AccentColor;
				CODE_SIGN_STYLE = Automatic;
				INFOPLIST_FILE = IRDb_JSON/Info.plist;
				LD_RUNPATH_SEARCH_PATHS = (
					"$(inherited)",
					"@executable_path/Frameworks",
				);
				PRODUCT_BUNDLE_IDENTIFIER = "com.acu.IRDb-JSON";
				PRODUCT_NAME = "$(TARGET_NAME)";
				SWIFT_VERSION = 5.0;
				TARGETED_DEVICE_FAMILY = "1,2";
			};
			name = Debug;
		};
		20363C8F2550B6F30093989F /* Release */ = {
			isa = XCBuildConfiguration;
			buildSettings = {
				ASSETCATALOG_COMPILER_APPICON_NAME = AppIcon;
				ASSETCATALOG_COMPILER_GLOBAL_ACCENT_COLOR_NAME = AccentColor;
				CODE_SIGN_STYLE = Automatic;
				INFOPLIST_FILE = IRDb_JSON/Info.plist;
				LD_RUNPATH_SEARCH_PATHS = (
					"$(inherited)",
					"@executable_path/Frameworks",
				);
				PRODUCT_BUNDLE_IDENTIFIER = "com.acu.IRDb-JSON";
				PRODUCT_NAME = "$(TARGET_NAME)";
				SWIFT_VERSION = 5.0;
				TARGETED_DEVICE_FAMILY = "1,2";
			};
			name = Release;
		};
		20363C912550B6F30093989F /* Debug */ = {
			isa = XCBuildConfiguration;
			buildSettings = {
				ALWAYS_EMBED_SWIFT_STANDARD_LIBRARIES = YES;
				BUNDLE_LOADER = "$(TEST_HOST)";
				CODE_SIGN_STYLE = Automatic;
				INFOPLIST_FILE = IRDb_JSONTests/Info.plist;
				IPHONEOS_DEPLOYMENT_TARGET = 14.0;
				LD_RUNPATH_SEARCH_PATHS = (
					"$(inherited)",
					"@executable_path/Frameworks",
					"@loader_path/Frameworks",
				);
				PRODUCT_BUNDLE_IDENTIFIER = "com.acu.IRDb-JSONTests";
				PRODUCT_NAME = "$(TARGET_NAME)";
				SWIFT_VERSION = 5.0;
				TARGETED_DEVICE_FAMILY = "1,2";
				TEST_HOST = "$(BUILT_PRODUCTS_DIR)/IRDb_JSON.app/IRDb_JSON";
			};
			name = Debug;
		};
		20363C922550B6F30093989F /* Release */ = {
			isa = XCBuildConfiguration;
			buildSettings = {
				ALWAYS_EMBED_SWIFT_STANDARD_LIBRARIES = YES;
				BUNDLE_LOADER = "$(TEST_HOST)";
				CODE_SIGN_STYLE = Automatic;
				INFOPLIST_FILE = IRDb_JSONTests/Info.plist;
				IPHONEOS_DEPLOYMENT_TARGET = 14.0;
				LD_RUNPATH_SEARCH_PATHS = (
					"$(inherited)",
					"@executable_path/Frameworks",
					"@loader_path/Frameworks",
				);
				PRODUCT_BUNDLE_IDENTIFIER = "com.acu.IRDb-JSONTests";
				PRODUCT_NAME = "$(TARGET_NAME)";
				SWIFT_VERSION = 5.0;
				TARGETED_DEVICE_FAMILY = "1,2";
				TEST_HOST = "$(BUILT_PRODUCTS_DIR)/IRDb_JSON.app/IRDb_JSON";
			};
			name = Release;
		};
		20363C942550B6F30093989F /* Debug */ = {
			isa = XCBuildConfiguration;
			buildSettings = {
				ALWAYS_EMBED_SWIFT_STANDARD_LIBRARIES = YES;
				CODE_SIGN_STYLE = Automatic;
				INFOPLIST_FILE = IRDb_JSONUITests/Info.plist;
				LD_RUNPATH_SEARCH_PATHS = (
					"$(inherited)",
					"@executable_path/Frameworks",
					"@loader_path/Frameworks",
				);
				PRODUCT_BUNDLE_IDENTIFIER = "com.acu.IRDb-JSONUITests";
				PRODUCT_NAME = "$(TARGET_NAME)";
				SWIFT_VERSION = 5.0;
				TARGETED_DEVICE_FAMILY = "1,2";
				TEST_TARGET_NAME = IRDb_JSON;
			};
			name = Debug;
		};
		20363C952550B6F30093989F /* Release */ = {
			isa = XCBuildConfiguration;
			buildSettings = {
				ALWAYS_EMBED_SWIFT_STANDARD_LIBRARIES = YES;
				CODE_SIGN_STYLE = Automatic;
				INFOPLIST_FILE = IRDb_JSONUITests/Info.plist;
				LD_RUNPATH_SEARCH_PATHS = (
					"$(inherited)",
					"@executable_path/Frameworks",
					"@loader_path/Frameworks",
				);
				PRODUCT_BUNDLE_IDENTIFIER = "com.acu.IRDb-JSONUITests";
				PRODUCT_NAME = "$(TARGET_NAME)";
				SWIFT_VERSION = 5.0;
				TARGETED_DEVICE_FAMILY = "1,2";
				TEST_TARGET_NAME = IRDb_JSON;
			};
			name = Release;
		};
/* End XCBuildConfiguration section */

/* Begin XCConfigurationList section */
		20363C5E2550B6EF0093989F /* Build configuration list for PBXProject "IRDb_JSON" */ = {
			isa = XCConfigurationList;
			buildConfigurations = (
				20363C8B2550B6F30093989F /* Debug */,
				20363C8C2550B6F30093989F /* Release */,
			);
			defaultConfigurationIsVisible = 0;
			defaultConfigurationName = Release;
		};
		20363C8D2550B6F30093989F /* Build configuration list for PBXNativeTarget "IRDb_JSON" */ = {
			isa = XCConfigurationList;
			buildConfigurations = (
				20363C8E2550B6F30093989F /* Debug */,
				20363C8F2550B6F30093989F /* Release */,
			);
			defaultConfigurationIsVisible = 0;
			defaultConfigurationName = Release;
		};
		20363C902550B6F30093989F /* Build configuration list for PBXNativeTarget "IRDb_JSONTests" */ = {
			isa = XCConfigurationList;
			buildConfigurations = (
				20363C912550B6F30093989F /* Debug */,
				20363C922550B6F30093989F /* Release */,
			);
			defaultConfigurationIsVisible = 0;
			defaultConfigurationName = Release;
		};
		20363C932550B6F30093989F /* Build configuration list for PBXNativeTarget "IRDb_JSONUITests" */ = {
			isa = XCConfigurationList;
			buildConfigurations = (
				20363C942550B6F30093989F /* Debug */,
				20363C952550B6F30093989F /* Release */,
			);
			defaultConfigurationIsVisible = 0;
			defaultConfigurationName = Release;
		};
/* End XCConfigurationList section */
	};
	rootObject = 20363C5B2550B6EF0093989F /* Project object */;
}
